
Microsoft Visual Studio Solution File, Format Version 12.00
# Visual Studio Version 16
VisualStudioVersion = 16.0.30523.141
MinimumVisualStudioVersion = 10.0.40219.1
Project("{FAE04EC0-301F-11D3-BF4B-00C04F79EFBC}") = "Sobolev_2", "Sobolev_2\Sobolev_2.csproj", "{DE0BD17B-AB74-459A-B7C4-3759F57CB0D6}"
EndProject
Global
	GlobalSection(SolutionConfigurationPlatforms) = preSolution
		Debug|Any CPU = Debug|Any CPU
		Release|Any CPU = Release|Any CPU
	EndGlobalSection
	GlobalSection(ProjectConfigurationPlatforms) = postSolution
		{DE0BD17B-AB74-459A-B7C4-3759F57CB0D6}.Debug|Any CPU.ActiveCfg = Debug|Any CPU
		{DE0BD17B-AB74-459A-B7C4-3759F57CB0D6}.Debug|Any CPU.Build.0 = Debug|Any CPU
		{DE0BD17B-AB74-459A-B7C4-3759F57CB0D6}.Release|Any CPU.ActiveCfg = Release|Any CPU
		{DE0BD17B-AB74-459A-B7C4-3759F57CB0D6}.Release|Any CPU.Build.0 = Release|Any CPU
	EndGlobalSection
	GlobalSection(SolutionProperties) = preSolution
		HideSolutionNode = FALSE
	EndGlobalSection
	GlobalSection(ExtensibilityGlobals) = postSolution
		SolutionGuid = {373F491E-40A4-44A2-A4DA-AB49AECD7D91}
	EndGlobalSection
EndGlobal
